{
  "name": "sdu-intelligent-fishing-lab",
  "version": "1.0.0",
  "lockfileVersion": 1,
  "requires": true,
  "dependencies": {
    "wx-promise-pro": {
      "version": "3.2.4",
      "resolved": "https://registry.npmmirror.com/wx-promise-pro/download/wx-promise-pro-3.2.4.tgz",
      "integrity": "sha1-9ZWFWn4HEn5bQswBSVz/1mdlCVk="
    },
    "wx-updata": {
      "version": "0.0.13",
      "resolved": "https://registry.npmmirror.com/wx-updata/download/wx-updata-0.0.13.tgz",
      "integrity": "sha1-4NYMaWSWl4RbmiZUQP1QDorB9rQ="
    }
  }
}
